// !$*UTF8*$!
{
	archiveVersion = 1;
	classes = {
	};
	objectVersion = 55;
	objects = {

/* Begin PBXBuildFile section */
		553F3439A53861AD270224F7 /* libPods-iOSDemo-iOSDemoUITests.a in Frameworks */ = {isa = PBXBuildFile; fileRef = CB55C8788B5F119B54EE0FA6 /* libPods-iOSDemo-iOSDemoUITests.a */; };
		5CAF8E4C8563B231BC35DB3C /* libPods-iOSDemo.a in Frameworks */ = {isa = PBXBuildFile; fileRef = 2B9A973E0CBA6B24738BA5D3 /* libPods-iOSDemo.a */; };
		85DB9C1828D7586A0025BF34 /* AppDelegate.m in Sources */ = {isa = PBXBuildFile; fileRef = 85DB9C1728D7586A0025BF34 /* AppDelegate.m */; };
		85DB9C1B28D7586A0025BF34 /* SceneDelegate.m in Sources */ = {isa = PBXBuildFile; fileRef = 85DB9C1A28D7586A0025BF34 /* SceneDelegate.m */; };
		85DB9C1E28D7586A0025BF34 /* ViewController.m in Sources */ = {isa = PBXBuildFile; fileRef = 85DB9C1D28D7586A0025BF34 /* ViewController.m */; };
		85DB9C2128D7586A0025BF34 /* Main.storyboard in Resources */ = {isa = PBXBuildFile; fileRef = 85DB9C1F28D7586A0025BF34 /* Main.storyboard */; };
		85DB9C2328D7586D0025BF34 /* Assets.xcassets in Resources */ = {isa = PBXBuildFile; fileRef = 85DB9C2228D7586D0025BF34 /* Assets.xcassets */; };
		85DB9C2628D7586D0025BF34 /* LaunchScreen.storyboard in Resources */ = {isa = PBXBuildFile; fileRef = 85DB9C2428D7586D0025BF34 /* LaunchScreen.storyboard */; };
		85DB9C2928D7586D0025BF34 /* main.m in Sources */ = {isa = PBXBuildFile; fileRef = 85DB9C2828D7586D0025BF34 /* main.m */; };
		85DB9C3328D7586E0025BF34 /* iOSDemoTests.m in Sources */ = {isa = PBXBuildFile; fileRef = 85DB9C3228D7586E0025BF34 /* iOSDemoTests.m */; };
		85DB9C3D28D7586E0025BF34 /* iOSDemoUITests.m in Sources */ = {isa = PBXBuildFile; fileRef = 85DB9C3C28D7586E0025BF34 /* iOSDemoUITests.m */; };
		85DB9C3F28D7586E0025BF34 /* iOSDemoUITestsLaunchTests.m in Sources */ = {isa = PBXBuildFile; fileRef = 85DB9C3E28D7586E0025BF34 /* iOSDemoUITestsLaunchTests.m */; };
		A589E1B8A3265FDB585B4B76 /* libPods-iOSDemoTests.a in Frameworks */ = {isa = PBXBuildFile; fileRef = 76EB02B9C1D8E254F81F7B45 /* libPods-iOSDemoTests.a */; };
/* End PBXBuildFile section */

/* Begin PBXContainerItemProxy section */
		85DB9C2F28D7586E0025BF34 /* PBXContainerItemProxy */ = {
			isa = PBXContainerItemProxy;
			containerPortal = 85DB9C0B28D7586A0025BF34 /* Project object */;
			proxyType = 1;
			remoteGlobalIDString = 85DB9C1228D7586A0025BF34;
			remoteInfo = iOSDemo;
		};
		85DB9C3928D7586E0025BF34 /* PBXContainerItemProxy */ = {
			isa = PBXContainerItemProxy;
			containerPortal = 85DB9C0B28D7586A0025BF34 /* Project object */;
			proxyType = 1;
			remoteGlobalIDString = 85DB9C1228D7586A0025BF34;
			remoteInfo = iOSDemo;
		};
/* End PBXContainerItemProxy section */

/* Begin PBXFileReference section */
		2B9A973E0CBA6B24738BA5D3 /* libPods-iOSDemo.a */ = {isa = PBXFileReference; explicitFileType = archive.ar; includeInIndex = 0; path = "libPods-iOSDemo.a"; sourceTree = BUILT_PRODUCTS_DIR; };
		3259A5F8AD07BA9014D63CC2 /* Pods-iOSDemoTests.debug.xcconfig */ = {isa = PBXFileReference; includeInIndex = 1; lastKnownFileType = text.xcconfig; name = "Pods-iOSDemoTests.debug.xcconfig"; path = "Target Support Files/Pods-iOSDemoTests/Pods-iOSDemoTests.debug.xcconfig"; sourceTree = "<group>"; };
		57BC0AD3E5419B2EA1903381 /* Pods-iOSDemoTests.release.xcconfig */ = {isa = PBXFileReference; includeInIndex = 1; lastKnownFileType = text.xcconfig; name = "Pods-iOSDemoTests.release.xcconfig"; path = "Target Support Files/Pods-iOSDemoTests/Pods-iOSDemoTests.release.xcconfig"; sourceTree = "<group>"; };
		76EB02B9C1D8E254F81F7B45 /* libPods-iOSDemoTests.a */ = {isa = PBXFileReference; explicitFileType = archive.ar; includeInIndex = 0; path = "libPods-iOSDemoTests.a"; sourceTree = BUILT_PRODUCTS_DIR; };
		85DB9C1328D7586A0025BF34 /* iOSDemo.app */ = {isa = PBXFileReference; explicitFileType = wrapper.application; includeInIndex = 0; path = iOSDemo.app; sourceTree = BUILT_PRODUCTS_DIR; };
		85DB9C1628D7586A0025BF34 /* AppDelegate.h */ = {isa = PBXFileReference; lastKnownFileType = sourcecode.c.h; path = AppDelegate.h; sourceTree = "<group>"; };
		85DB9C1728D7586A0025BF34 /* AppDelegate.m */ = {isa = PBXFileReference; lastKnownFileType = sourcecode.c.objc; path = AppDelegate.m; sourceTree = "<group>"; };
		85DB9C1928D7586A0025BF34 /* SceneDelegate.h */ = {isa = PBXFileReference; lastKnownFileType = sourcecode.c.h; path = SceneDelegate.h; sourceTree = "<group>"; };
		85DB9C1A28D7586A0025BF34 /* SceneDelegate.m */ = {isa = PBXFileReference; lastKnownFileType = sourcecode.c.objc; path = SceneDelegate.m; sourceTree = "<group>"; };
		85DB9C1C28D7586A0025BF34 /* ViewController.h */ = {isa = PBXFileReference; lastKnownFileType = sourcecode.c.h; path = ViewController.h; sourceTree = "<group>"; };
		85DB9C1D28D7586A0025BF34 /* ViewController.m */ = {isa = PBXFileReference; lastKnownFileType = sourcecode.c.objc; path = ViewController.m; sourceTree = "<group>"; };
		85DB9C2028D7586A0025BF34 /* Base */ = {isa = PBXFileReference; lastKnownFileType = file.storyboard; name = Base; path = Base.lproj/Main.storyboard; sourceTree = "<group>"; };
		85DB9C2228D7586D0025BF34 /* Assets.xcassets */ = {isa = PBXFileReference; lastKnownFileType = folder.assetcatalog; path = Assets.xcassets; sourceTree = "<group>"; };
		85DB9C2528D7586D0025BF34 /* Base */ = {isa = PBXFileReference; lastKnownFileType = file.storyboard; name = Base; path = Base.lproj/LaunchScreen.storyboard; sourceTree = "<group>"; };
		85DB9C2728D7586D0025BF34 /* Info.plist */ = {isa = PBXFileReference; lastKnownFileType = text.plist.xml; path = Info.plist; sourceTree = "<group>"; };
		85DB9C2828D7586D0025BF34 /* main.m */ = {isa = PBXFileReference; lastKnownFileType = sourcecode.c.objc; path = main.m; sourceTree = "<group>"; };
		85DB9C2E28D7586E0025BF34 /* iOSDemoTests.xctest */ = {isa = PBXFileReference; explicitFileType = wrapper.cfbundle; includeInIndex = 0; path = iOSDemoTests.xctest; sourceTree = BUILT_PRODUCTS_DIR; };
		85DB9C3228D7586E0025BF34 /* iOSDemoTests.m */ = {isa = PBXFileReference; lastKnownFileType = sourcecode.c.objc; path = iOSDemoTests.m; sourceTree = "<group>"; };
		85DB9C3828D7586E0025BF34 /* iOSDemoUITests.xctest */ = {isa = PBXFileReference; explicitFileType = wrapper.cfbundle; includeInIndex = 0; path = iOSDemoUITests.xctest; sourceTree = BUILT_PRODUCTS_DIR; };
		85DB9C3C28D7586E0025BF34 /* iOSDemoUITests.m */ = {isa = PBXFileReference; lastKnownFileType = sourcecode.c.objc; path = iOSDemoUITests.m; sourceTree = "<group>"; };
		85DB9C3E28D7586E0025BF34 /* iOSDemoUITestsLaunchTests.m */ = {isa = PBXFileReference; lastKnownFileType = sourcecode.c.objc; path = iOSDemoUITestsLaunchTests.m; sourceTree = "<group>"; };
		A0EC4658181E99E2C1BE9455 /* Pods-iOSDemo.release.xcconfig */ = {isa = PBXFileReference; includeInIndex = 1; lastKnownFileType = text.xcconfig; name = "Pods-iOSDemo.release.xcconfig"; path = "Target Support Files/Pods-iOSDemo/Pods-iOSDemo.release.xcconfig"; sourceTree = "<group>"; };
		C4D561FEB1CF1C359726DBAF /* Pods-iOSDemo-iOSDemoUITests.debug.xcconfig */ = {isa = PBXFileReference; includeInIndex = 1; lastKnownFileType = text.xcconfig; name = "Pods-iOSDemo-iOSDemoUITests.debug.xcconfig"; path = "Target Support Files/Pods-iOSDemo-iOSDemoUITests/Pods-iOSDemo-iOSDemoUITests.debug.xcconfig"; sourceTree = "<group>"; };
		CB55C8788B5F119B54EE0FA6 /* libPods-iOSDemo-iOSDemoUITests.a */ = {isa = PBXFileReference; explicitFileType = archive.ar; includeInIndex = 0; path = "libPods-iOSDemo-iOSDemoUITests.a"; sourceTree = BUILT_PRODUCTS_DIR; };
		E422DE1EFC2DC547D2643EA1 /* Pods-iOSDemo.debug.xcconfig */ = {isa = PBXFileReference; includeInIndex = 1; lastKnownFileType = text.xcconfig; name = "Pods-iOSDemo.debug.xcconfig"; path = "Target Support Files/Pods-iOSDemo/Pods-iOSDemo.debug.xcconfig"; sourceTree = "<group>"; };
		FCB4C0618A00E8ADF74638CF /* Pods-iOSDemo-iOSDemoUITests.release.xcconfig */ = {isa = PBXFileReference; includeInIndex = 1; lastKnownFileType = text.xcconfig; name = "Pods-iOSDemo-iOSDemoUITests.release.xcconfig"; path = "Target Support Files/Pods-iOSDemo-iOSDemoUITests/Pods-iOSDemo-iOSDemoUITests.release.xcconfig"; sourceTree = "<group>"; };
/* End PBXFileReference section */

/* Begin PBXFrameworksBuildPhase section */
		85DB9C1028D7586A0025BF34 /* Frameworks */ = {
			isa = PBXFrameworksBuildPhase;
			buildActionMask = 2147483647;
			files = (
				5CAF8E4C8563B231BC35DB3C /* libPods-iOSDemo.a in Frameworks */,
			);
			runOnlyForDeploymentPostprocessing = 0;
		};
		85DB9C2B28D7586E0025BF34 /* Frameworks */ = {
			isa = PBXFrameworksBuildPhase;
			buildActionMask = 2147483647;
			files = (
				A589E1B8A3265FDB585B4B76 /* libPods-iOSDemoTests.a in Frameworks */,
			);
			runOnlyForDeploymentPostprocessing = 0;
		};
		85DB9C3528D7586E0025BF34 /* Frameworks */ = {
			isa = PBXFrameworksBuildPhase;
			buildActionMask = 2147483647;
			files = (
				553F3439A53861AD270224F7 /* libPods-iOSDemo-iOSDemoUITests.a in Frameworks */,
			);
			runOnlyForDeploymentPostprocessing = 0;
		};
/* End PBXFrameworksBuildPhase section */

/* Begin PBXGroup section */
		3D30303AA91284DF8609C8C6 /* Pods */ = {
			isa = PBXGroup;
			children = (
				E422DE1EFC2DC547D2643EA1 /* Pods-iOSDemo.debug.xcconfig */,
				A0EC4658181E99E2C1BE9455 /* Pods-iOSDemo.release.xcconfig */,
				C4D561FEB1CF1C359726DBAF /* Pods-iOSDemo-iOSDemoUITests.debug.xcconfig */,
				FCB4C0618A00E8ADF74638CF /* Pods-iOSDemo-iOSDemoUITests.release.xcconfig */,
				3259A5F8AD07BA9014D63CC2 /* Pods-iOSDemoTests.debug.xcconfig */,
				57BC0AD3E5419B2EA1903381 /* Pods-iOSDemoTests.release.xcconfig */,
			);
			name = Pods;
			path = Pods;
			sourceTree = "<group>";
		};
		85DB9C0A28D7586A0025BF34 = {
			isa = PBXGroup;
			children = (
				85DB9C1528D7586A0025BF34 /* iOSDemo */,
				85DB9C3128D7586E0025BF34 /* iOSDemoTests */,
				85DB9C3B28D7586E0025BF34 /* iOSDemoUITests */,
				85DB9C1428D7586A0025BF34 /* Products */,
				3D30303AA91284DF8609C8C6 /* Pods */,
				F4A343D56EC167133A564BC5 /* Frameworks */,
			);
			sourceTree = "<group>";
		};
		85DB9C1428D7586A0025BF34 /* Products */ = {
			isa = PBXGroup;
			children = (
				85DB9C1328D7586A0025BF34 /* iOSDemo.app */,
				85DB9C2E28D7586E0025BF34 /* iOSDemoTests.xctest */,
				85DB9C3828D7586E0025BF34 /* iOSDemoUITests.xctest */,
			);
			name = Products;
			sourceTree = "<group>";
		};
		85DB9C1528D7586A0025BF34 /* iOSDemo */ = {
			isa = PBXGroup;
			children = (
				85DB9C1628D7586A0025BF34 /* AppDelegate.h */,
				85DB9C1728D7586A0025BF34 /* AppDelegate.m */,
				85DB9C1928D7586A0025BF34 /* SceneDelegate.h */,
				85DB9C1A28D7586A0025BF34 /* SceneDelegate.m */,
				85DB9C1C28D7586A0025BF34 /* ViewController.h */,
				85DB9C1D28D7586A0025BF34 /* ViewController.m */,
				85DB9C1F28D7586A0025BF34 /* Main.storyboard */,
				85DB9C2228D7586D0025BF34 /* Assets.xcassets */,
				85DB9C2428D7586D0025BF34 /* LaunchScreen.storyboard */,
				85DB9C2728D7586D0025BF34 /* Info.plist */,
				85DB9C2828D7586D0025BF34 /* main.m */,
			);
			path = iOSDemo;
			sourceTree = "<group>";
		};
		85DB9C3128D7586E0025BF34 /* iOSDemoTests */ = {
			isa = PBXGroup;
			children = (
				85DB9C3228D7586E0025BF34 /* iOSDemoTests.m */,
			);
			path = iOSDemoTests;
			sourceTree = "<group>";
		};
		85DB9C3B28D7586E0025BF34 /* iOSDemoUITests */ = {
			isa = PBXGroup;
			children = (
				85DB9C3C28D7586E0025BF34 /* iOSDemoUITests.m */,
				85DB9C3E28D7586E0025BF34 /* iOSDemoUITestsLaunchTests.m */,
			);
			path = iOSDemoUITests;
			sourceTree = "<group>";
		};
		F4A343D56EC167133A564BC5 /* Frameworks */ = {
			isa = PBXGroup;
			children = (
				2B9A973E0CBA6B24738BA5D3 /* libPods-iOSDemo.a */,
				CB55C8788B5F119B54EE0FA6 /* libPods-iOSDemo-iOSDemoUITests.a */,
				76EB02B9C1D8E254F81F7B45 /* libPods-iOSDemoTests.a */,
			);
			name = Frameworks;
			sourceTree = "<group>";
		};
/* End PBXGroup section */

/* Begin PBXNativeTarget section */
		85DB9C1228D7586A0025BF34 /* iOSDemo */ = {
			isa = PBXNativeTarget;
			buildConfigurationList = 85DB9C4228D7586E0025BF34 /* Build configuration list for PBXNativeTarget "iOSDemo" */;
			buildPhases = (
				AE0959788DD8EC9B4892C8D4 /* [CP] Check Pods Manifest.lock */,
				85DB9C0F28D7586A0025BF34 /* Sources */,
				85DB9C1028D7586A0025BF34 /* Frameworks */,
				85DB9C1128D7586A0025BF34 /* Resources */,
				46F0B787065A9F49F497E79F /* [CP] Copy Pods Resources */,
			);
			buildRules = (
			);
			dependencies = (
			);
			name = iOSDemo;
			productName = iOSDemo;
			productReference = 85DB9C1328D7586A0025BF34 /* iOSDemo.app */;
			productType = "com.apple.product-type.application";
		};
		85DB9C2D28D7586E0025BF34 /* iOSDemoTests */ = {
			isa = PBXNativeTarget;
			buildConfigurationList = 85DB9C4528D7586E0025BF34 /* Build configuration list for PBXNativeTarget "iOSDemoTests" */;
			buildPhases = (
				327797A4DF21C52C86572D83 /* [CP] Check Pods Manifest.lock */,
				85DB9C2A28D7586E0025BF34 /* Sources */,
				85DB9C2B28D7586E0025BF34 /* Frameworks */,
				85DB9C2C28D7586E0025BF34 /* Resources */,
			);
			buildRules = (
			);
			dependencies = (
				85DB9C3028D7586E0025BF34 /* PBXTargetDependency */,
			);
			name = iOSDemoTests;
			productName = iOSDemoTests;
			productReference = 85DB9C2E28D7586E0025BF34 /* iOSDemoTests.xctest */;
			productType = "com.apple.product-type.bundle.unit-test";
		};
		85DB9C3728D7586E0025BF34 /* iOSDemoUITests */ = {
			isa = PBXNativeTarget;
			buildConfigurationList = 85DB9C4828D7586E0025BF34 /* Build configuration list for PBXNativeTarget "iOSDemoUITests" */;
			buildPhases = (
				DB53DC895727397DEBAC134B /* [CP] Check Pods Manifest.lock */,
				85DB9C3428D7586E0025BF34 /* Sources */,
				85DB9C3528D7586E0025BF34 /* Frameworks */,
				85DB9C3628D7586E0025BF34 /* Resources */,
				2C4500DF1FCE73C676A408EA /* [CP] Copy Pods Resources */,
			);
			buildRules = (
			);
			dependencies = (
				85DB9C3A28D7586E0025BF34 /* PBXTargetDependency */,
			);
			name = iOSDemoUITests;
			productName = iOSDemoUITests;
			productReference = 85DB9C3828D7586E0025BF34 /* iOSDemoUITests.xctest */;
			productType = "com.apple.product-type.bundle.ui-testing";
		};
/* End PBXNativeTarget section */

/* Begin PBXProject section */
		85DB9C0B28D7586A0025BF34 /* Project object */ = {
			isa = PBXProject;
			attributes = {
				BuildIndependentTargetsInParallel = 1;
				LastUpgradeCheck = 1340;
				TargetAttributes = {
					85DB9C1228D7586A0025BF34 = {
						CreatedOnToolsVersion = 13.4;
					};
					85DB9C2D28D7586E0025BF34 = {
						CreatedOnToolsVersion = 13.4;
						TestTargetID = 85DB9C1228D7586A0025BF34;
					};
					85DB9C3728D7586E0025BF34 = {
						CreatedOnToolsVersion = 13.4;
						TestTargetID = 85DB9C1228D7586A0025BF34;
					};
				};
			};
			buildConfigurationList = 85DB9C0E28D7586A0025BF34 /* Build configuration list for PBXProject "iOSDemo" */;
			compatibilityVersion = "Xcode 13.0";
			developmentRegion = en;
			hasScannedForEncodings = 0;
			knownRegions = (
				en,
				Base,
			);
			mainGroup = 85DB9C0A28D7586A0025BF34;
			productRefGroup = 85DB9C1428D7586A0025BF34 /* Products */;
			projectDirPath = "";
			projectRoot = "";
			targets = (
				85DB9C1228D7586A0025BF34 /* iOSDemo */,
				85DB9C2D28D7586E0025BF34 /* iOSDemoTests */,
				85DB9C3728D7586E0025BF34 /* iOSDemoUITests */,
			);
		};
/* End PBXProject section */

/* Begin PBXResourcesBuildPhase section */
		85DB9C1128D7586A0025BF34 /* Resources */ = {
			isa = PBXResourcesBuildPhase;
			buildActionMask = 2147483647;
			files = (
				85DB9C2628D7586D0025BF34 /* LaunchScreen.storyboard in Resources */,
				85DB9C2328D7586D0025BF34 /* Assets.xcassets in Resources */,
				85DB9C2128D7586A0025BF34 /* Main.storyboard in Resources */,
			);
			runOnlyForDeploymentPostprocessing = 0;
		};
		85DB9C2C28D7586E0025BF34 /* Resources */ = {
			isa = PBXResourcesBuildPhase;
			buildActionMask = 2147483647;
			files = (
			);
			runOnlyForDeploymentPostprocessing = 0;
		};
		85DB9C3628D7586E0025BF34 /* Resources */ = {
			isa = PBXResourcesBuildPhase;
			buildActionMask = 2147483647;
			files = (
			);
			runOnlyForDeploymentPostprocessing = 0;
		};
/* End PBXResourcesBuildPhase section */

/* Begin PBXShellScriptBuildPhase section */
		2C4500DF1FCE73C676A408EA /* [CP] Copy Pods Resources */ = {
			isa = PBXShellScriptBuildPhase;
			buildActionMask = 2147483647;
			files = (
			);
			inputFileListPaths = (
				"${PODS_ROOT}/Target Support Files/Pods-iOSDemo-iOSDemoUITests/Pods-iOSDemo-iOSDemoUITests-resources-${CONFIGURATION}-input-files.xcfilelist",
			);
			name = "[CP] Copy Pods Resources";
			outputFileListPaths = (
				"${PODS_ROOT}/Target Support Files/Pods-iOSDemo-iOSDemoUITests/Pods-iOSDemo-iOSDemoUITests-resources-${CONFIGURATION}-output-files.xcfilelist",
			);
			runOnlyForDeploymentPostprocessing = 0;
			shellPath = /bin/sh;
			shellScript = "\"${PODS_ROOT}/Target Support Files/Pods-iOSDemo-iOSDemoUITests/Pods-iOSDemo-iOSDemoUITests-resources.sh\"\n";
			showEnvVarsInLog = 0;
		};
		327797A4DF21C52C86572D83 /* [CP] Check Pods Manifest.lock */ = {
			isa = PBXShellScriptBuildPhase;
			buildActionMask = 2147483647;
			files = (
			);
			inputFileListPaths = (
			);
			inputPaths = (
				"${PODS_PODFILE_DIR_PATH}/Podfile.lock",
				"${PODS_ROOT}/Manifest.lock",
			);
			name = "[CP] Check Pods Manifest.lock";
			outputFileListPaths = (
			);
			outputPaths = (
				"$(DERIVED_FILE_DIR)/Pods-iOSDemoTests-checkManifestLockResult.txt",
			);
			runOnlyForDeploymentPostprocessing = 0;
			shellPath = /bin/sh;
			shellScript = "diff \"${PODS_PODFILE_DIR_PATH}/Podfile.lock\" \"${PODS_ROOT}/Manifest.lock\" > /dev/null\nif [ $? != 0 ] ; then\n    # print error to STDERR\n    echo \"error: The sandbox is not in sync with the Podfile.lock. Run 'pod install' or update your CocoaPods installation.\" >&2\n    exit 1\nfi\n# This output is used by Xcode 'outputs' to avoid re-running this script phase.\necho \"SUCCESS\" > \"${SCRIPT_OUTPUT_FILE_0}\"\n";
			showEnvVarsInLog = 0;
		};
		46F0B787065A9F49F497E79F /* [CP] Copy Pods Resources */ = {
			isa = PBXShellScriptBuildPhase;
			buildActionMask = 2147483647;
			files = (
			);
			inputFileListPaths = (
				"${PODS_ROOT}/Target Support Files/Pods-iOSDemo/Pods-iOSDemo-resources-${CONFIGURATION}-input-files.xcfilelist",
			);
			name = "[CP] Copy Pods Resources";
			outputFileListPaths = (
				"${PODS_ROOT}/Target Support Files/Pods-iOSDemo/Pods-iOSDemo-resources-${CONFIGURATION}-output-files.xcfilelist",
			);
			runOnlyForDeploymentPostprocessing = 0;
			shellPath = /bin/sh;
			shellScript = "\"${PODS_ROOT}/Target Support Files/Pods-iOSDemo/Pods-iOSDemo-resources.sh\"\n";
			showEnvVarsInLog = 0;
		};
		AE0959788DD8EC9B4892C8D4 /* [CP] Check Pods Manifest.lock */ = {
			isa = PBXShellScriptBuildPhase;
			buildActionMask = 2147483647;
			files = (
			);
			inputFileListPaths = (
			);
			inputPaths = (
				"${PODS_PODFILE_DIR_PATH}/Podfile.lock",
				"${PODS_ROOT}/Manifest.lock",
			);
			name = "[CP] Check Pods Manifest.lock";
			outputFileListPaths = (
			);
			outputPaths = (
				"$(DERIVED_FILE_DIR)/Pods-iOSDemo-checkManifestLockResult.txt",
			);
			runOnlyForDeploymentPostprocessing = 0;
			shellPath = /bin/sh;
			shellScript = "diff \"${PODS_PODFILE_DIR_PATH}/Podfile.lock\" \"${PODS_ROOT}/Manifest.lock\" > /dev/null\nif [ $? != 0 ] ; then\n    # print error to STDERR\n    echo \"error: The sandbox is not in sync with the Podfile.lock. Run 'pod install' or update your CocoaPods installation.\" >&2\n    exit 1\nfi\n# This output is used by Xcode 'outputs' to avoid re-running this script phase.\necho \"SUCCESS\" > \"${SCRIPT_OUTPUT_FILE_0}\"\n";
			showEnvVarsInLog = 0;
		};
		DB53DC895727397DEBAC134B /* [CP] Check Pods Manifest.lock */ = {
			isa = PBXShellScriptBuildPhase;
			buildActionMask = 2147483647;
			files = (
			);
			inputFileListPaths = (
			);
			inputPaths = (
				"${PODS_PODFILE_DIR_PATH}/Podfile.lock",
				"${PODS_ROOT}/Manifest.lock",
			);
			name = "[CP] Check Pods Manifest.lock";
			outputFileListPaths = (
			);
			outputPaths = (
				"$(DERIVED_FILE_DIR)/Pods-iOSDemo-iOSDemoUITests-checkManifestLockResult.txt",
			);
			runOnlyForDeploymentPostprocessing = 0;
			shellPath = /bin/sh;
			shellScript = "diff \"${PODS_PODFILE_DIR_PATH}/Podfile.lock\" \"${PODS_ROOT}/Manifest.lock\" > /dev/null\nif [ $? != 0 ] ; then\n    # print error to STDERR\n    echo \"error: The sandbox is not in sync with the Podfile.lock. Run 'pod install' or update your CocoaPods installation.\" >&2\n    exit 1\nfi\n# This output is used by Xcode 'outputs' to avoid re-running this script phase.\necho \"SUCCESS\" > \"${SCRIPT_OUTPUT_FILE_0}\"\n";
			showEnvVarsInLog = 0;
		};
/* End PBXShellScriptBuildPhase section */

/* Begin PBXSourcesBuildPhase section */
		85DB9C0F28D7586A0025BF34 /* Sources */ = {
			isa = PBXSourcesBuildPhase;
			buildActionMask = 2147483647;
			files = (
				85DB9C1E28D7586A0025BF34 /* ViewController.m in Sources */,
				85DB9C1828D7586A0025BF34 /* AppDelegate.m in Sources */,
				85DB9C2928D7586D0025BF34 /* main.m in Sources */,
				85DB9C1B28D7586A0025BF34 /* SceneDelegate.m in Sources */,
			);
			runOnlyForDeploymentPostprocessing = 0;
		};
		85DB9C2A28D7586E0025BF34 /* Sources */ = {
			isa = PBXSourcesBuildPhase;
			buildActionMask = 2147483647;
			files = (
				85DB9C3328D7586E0025BF34 /* iOSDemoTests.m in Sources */,
			);
			runOnlyForDeploymentPostprocessing = 0;
		};
		85DB9C3428D7586E0025BF34 /* Sources */ = {
			isa = PBXSourcesBuildPhase;
			buildActionMask = 2147483647;
			files = (
				85DB9C3D28D7586E0025BF34 /* iOSDemoUITests.m in Sources */,
				85DB9C3F28D7586E0025BF34 /* iOSDemoUITestsLaunchTests.m in Sources */,
			);
			runOnlyForDeploymentPostprocessing = 0;
		};
/* End PBXSourcesBuildPhase section */

/* Begin PBXTargetDependency section */
		85DB9C3028D7586E0025BF34 /* PBXTargetDependency */ = {
			isa = PBXTargetDependency;
			target = 85DB9C1228D7586A0025BF34 /* iOSDemo */;
			targetProxy = 85DB9C2F28D7586E0025BF34 /* PBXContainerItemProxy */;
		};
		85DB9C3A28D7586E0025BF34 /* PBXTargetDependency */ = {
			isa = PBXTargetDependency;
			target = 85DB9C1228D7586A0025BF34 /* iOSDemo */;
			targetProxy = 85DB9C3928D7586E0025BF34 /* PBXContainerItemProxy */;
		};
/* End PBXTargetDependency section */

/* Begin PBXVariantGroup section */
		85DB9C1F28D7586A0025BF34 /* Main.storyboard */ = {
			isa = PBXVariantGroup;
			children = (
				85DB9C2028D7586A0025BF34 /* Base */,
			);
			name = Main.storyboard;
			sourceTree = "<group>";
		};
		85DB9C2428D7586D0025BF34 /* LaunchScreen.storyboard */ = {
			isa = PBXVariantGroup;
			children = (
				85DB9C2528D7586D0025BF34 /* Base */,
			);
			name = LaunchScreen.storyboard;
			sourceTree = "<group>";
		};
/* End PBXVariantGroup section */

/* Begin XCBuildConfiguration section */
		85DB9C4028D7586E0025BF34 /* Debug */ = {
			isa = XCBuildConfiguration;
			buildSettings = {
				ALWAYS_SEARCH_USER_PATHS = NO;
				CLANG_ANALYZER_NONNULL = YES;
				CLANG_ANALYZER_NUMBER_OBJECT_CONVERSION = YES_AGGRESSIVE;
				CLANG_CXX_LANGUAGE_STANDARD = "gnu++17";
				CLANG_ENABLE_MODULES = YES;
				CLANG_ENABLE_OBJC_ARC = YES;
				CLANG_ENABLE_OBJC_WEAK = YES;
				CLANG_WARN_BLOCK_CAPTURE_AUTORELEASING = YES;
				CLANG_WARN_BOOL_CONVERSION = YES;
				CLANG_WARN_COMMA = YES;
				CLANG_WARN_CONSTANT_CONVERSION = YES;
				CLANG_WARN_DEPRECATED_OBJC_IMPLEMENTATIONS = YES;
				CLANG_WARN_DIRECT_OBJC_ISA_USAGE = YES_ERROR;
				CLANG_WARN_DOCUMENTATION_COMMENTS = YES;
				CLANG_WARN_EMPTY_BODY = YES;
				CLANG_WARN_ENUM_CONVERSION = YES;
				CLANG_WARN_INFINITE_RECURSION = YES;
				CLANG_WARN_INT_CONVERSION = YES;
				CLANG_WARN_NON_LITERAL_NULL_CONVERSION = YES;
				CLANG_WARN_OBJC_IMPLICIT_RETAIN_SELF = YES;
				CLANG_WARN_OBJC_LITERAL_CONVERSION = YES;
				CLANG_WARN_OBJC_ROOT_CLASS = YES_ERROR;
				CLANG_WARN_QUOTED_INCLUDE_IN_FRAMEWORK_HEADER = YES;
				CLANG_WARN_RANGE_LOOP_ANALYSIS = YES;
				CLANG_WARN_STRICT_PROTOTYPES = YES;
				CLANG_WARN_SUSPICIOUS_MOVE = YES;
				CLANG_WARN_UNGUARDED_AVAILABILITY = YES_AGGRESSIVE;
				CLANG_WARN_UNREACHABLE_CODE = YES;
				CLANG_WARN__DUPLICATE_METHOD_MATCH = YES;
				COPY_PHASE_STRIP = NO;
				DEBUG_INFORMATION_FORMAT = dwarf;
				ENABLE_STRICT_OBJC_MSGSEND = YES;
				ENABLE_TESTABILITY = YES;
				GCC_C_LANGUAGE_STANDARD = gnu11;
				GCC_DYNAMIC_NO_PIC = NO;
				GCC_NO_COMMON_BLOCKS = YES;
				GCC_OPTIMIZATION_LEVEL = 0;
				GCC_PREPROCESSOR_DEFINITIONS = (
					"DEBUG=1",
					"$(inherited)",
				);
				GCC_WARN_64_TO_32_BIT_CONVERSION = YES;
				GCC_WARN_ABOUT_RETURN_TYPE = YES_ERROR;
				GCC_WARN_UNDECLARED_SELECTOR = YES;
				GCC_WARN_UNINITIALIZED_AUTOS = YES_AGGRESSIVE;
				GCC_WARN_UNUSED_FUNCTION = YES;
				GCC_WARN_UNUSED_VARIABLE = YES;
				IPHONEOS_DEPLOYMENT_TARGET = 15.5;
				MTL_ENABLE_DEBUG_INFO = INCLUDE_SOURCE;
				MTL_FAST_MATH = YES;
				ONLY_ACTIVE_ARCH = YES;
				SDKROOT = iphoneos;
			};
			name = Debug;
		};
		85DB9C4128D7586E0025BF34 /* Release */ = {
			isa = XCBuildConfiguration;
			buildSettings = {
				ALWAYS_SEARCH_USER_PATHS = NO;
				CLANG_ANALYZER_NONNULL = YES;
				CLANG_ANALYZER_NUMBER_OBJECT_CONVERSION = YES_AGGRESSIVE;
				CLANG_CXX_LANGUAGE_STANDARD = "gnu++17";
				CLANG_ENABLE_MODULES = YES;
				CLANG_ENABLE_OBJC_ARC = YES;
				CLANG_ENABLE_OBJC_WEAK = YES;
				CLANG_WARN_BLOCK_CAPTURE_AUTORELEASING = YES;
				CLANG_WARN_BOOL_CONVERSION = YES;
				CLANG_WARN_COMMA = YES;
				CLANG_WARN_CONSTANT_CONVERSION = YES;
				CLANG_WARN_DEPRECATED_OBJC_IMPLEMENTATIONS = YES;
				CLANG_WARN_DIRECT_OBJC_ISA_USAGE = YES_ERROR;
				CLANG_WARN_DOCUMENTATION_COMMENTS = YES;
				CLANG_WARN_EMPTY_BODY = YES;
				CLANG_WARN_ENUM_CONVERSION = YES;
				CLANG_WARN_INFINITE_RECURSION = YES;
				CLANG_WARN_INT_CONVERSION = YES;
				CLANG_WARN_NON_LITERAL_NULL_CONVERSION = YES;
				CLANG_WARN_OBJC_IMPLICIT_RETAIN_SELF = YES;
				CLANG_WARN_OBJC_LITERAL_CONVERSION = YES;
				CLANG_WARN_OBJC_ROOT_CLASS = YES_ERROR;
				CLANG_WARN_QUOTED_INCLUDE_IN_FRAMEWORK_HEADER = YES;
				CLANG_WARN_RANGE_LOOP_ANALYSIS = YES;
				CLANG_WARN_STRICT_PROTOTYPES = YES;
				CLANG_WARN_SUSPICIOUS_MOVE = YES;
				CLANG_WARN_UNGUARDED_AVAILABILITY = YES_AGGRESSIVE;
				CLANG_WARN_UNREACHABLE_CODE = YES;
				CLANG_WARN__DUPLICATE_METHOD_MATCH = YES;
				COPY_PHASE_STRIP = NO;
				DEBUG_INFORMATION_FORMAT = "dwarf-with-dsym";
				ENABLE_NS_ASSERTIONS = NO;
				ENABLE_STRICT_OBJC_MSGSEND = YES;
				GCC_C_LANGUAGE_STANDARD = gnu11;
				GCC_NO_COMMON_BLOCKS = YES;
				GCC_WARN_64_TO_32_BIT_CONVERSION = YES;
				GCC_WARN_ABOUT_RETURN_TYPE = YES_ERROR;
				GCC_WARN_UNDECLARED_SELECTOR = YES;
				GCC_WARN_UNINITIALIZED_AUTOS = YES_AGGRESSIVE;
				GCC_WARN_UNUSED_FUNCTION = YES;
				GCC_WARN_UNUSED_VARIABLE = YES;
				IPHONEOS_DEPLOYMENT_TARGET = 15.5;
				MTL_ENABLE_DEBUG_INFO = NO;
				MTL_FAST_MATH = YES;
				SDKROOT = iphoneos;
				VALIDATE_PRODUCT = YES;
			};
			name = Release;
		};
		85DB9C4328D7586E0025BF34 /* Debug */ = {
			isa = XCBuildConfiguration;
			baseConfigurationReference = E422DE1EFC2DC547D2643EA1 /* Pods-iOSDemo.debug.xcconfig */;
			buildSettings = {
				ASSETCATALOG_COMPILER_APPICON_NAME = AppIcon;
				ASSETCATALOG_COMPILER_GLOBAL_ACCENT_COLOR_NAME = AccentColor;
				CODE_SIGN_STYLE = Automatic;
				CURRENT_PROJECT_VERSION = 1;
				GENERATE_INFOPLIST_FILE = YES;
				INFOPLIST_FILE = iOSDemo/Info.plist;
				INFOPLIST_KEY_UIApplicationSupportsIndirectInputEvents = YES;
				INFOPLIST_KEY_UILaunchStoryboardName = LaunchScreen;
				INFOPLIST_KEY_UIMainStoryboardFile = Main;
				INFOPLIST_KEY_UISupportedInterfaceOrientations_iPad = "UIInterfaceOrientationPortrait UIInterfaceOrientationPortraitUpsideDown UIInterfaceOrientationLandscapeLeft UIInterfaceOrientationLandscapeRight";
				INFOPLIST_KEY_UISupportedInterfaceOrientations_iPhone = "UIInterfaceOrientationPortrait UIInterfaceOrientationLandscapeLeft UIInterfaceOrientationLandscapeRight";
				IPHONEOS_DEPLOYMENT_TARGET = 11.0;
				LD_RUNPATH_SEARCH_PATHS = (
					"$(inherited)",
					"@executable_path/Frameworks",
				);
				MARKETING_VERSION = 1.0;
				PRODUCT_BUNDLE_IDENTIFIER = com.codepeasants.iOSDemo;
				PRODUCT_NAME = "$(TARGET_NAME)";
				SWIFT_EMIT_LOC_STRINGS = YES;
				TARGETED_DEVICE_FAMILY = "1,2";
			};
			name = Debug;
		};
		85DB9C4428D7586E0025BF34 /* Release */ = {
			isa = XCBuildConfiguration;
			baseConfigurationReference = A0EC4658181E99E2C1BE9455 /* Pods-iOSDemo.release.xcconfig */;
			buildSettings = {
				ASSETCATALOG_COMPILER_APPICON_NAME = AppIcon;
				ASSETCATALOG_COMPILER_GLOBAL_ACCENT_COLOR_NAME = AccentColor;
				CODE_SIGN_STYLE = Automatic;
				CURRENT_PROJECT_VERSION = 1;
				GENERATE_INFOPLIST_FILE = YES;
				INFOPLIST_FILE = iOSDemo/Info.plist;
				INFOPLIST_KEY_UIApplicationSupportsIndirectInputEvents = YES;
				INFOPLIST_KEY_UILaunchStoryboardName = LaunchScreen;
				INFOPLIST_KEY_UIMainStoryboardFile = Main;
				INFOPLIST_KEY_UISupportedInterfaceOrientations_iPad = "UIInterfaceOrientationPortrait UIInterfaceOrientationPortraitUpsideDown UIInterfaceOrientationLandscapeLeft UIInterfaceOrientationLandscapeRight";
				INFOPLIST_KEY_UISupportedInterfaceOrientations_iPhone = "UIInterfaceOrientationPortrait UIInterfaceOrientationLandscapeLeft UIInterfaceOrientationLandscapeRight";
				IPHONEOS_DEPLOYMENT_TARGET = 11.0;
				LD_RUNPATH_SEARCH_PATHS = (
					"$(inherited)",
					"@executable_path/Frameworks",
				);
				MARKETING_VERSION = 1.0;
				PRODUCT_BUNDLE_IDENTIFIER = com.codepeasants.iOSDemo;
				PRODUCT_NAME = "$(TARGET_NAME)";
				SWIFT_EMIT_LOC_STRINGS = YES;
				TARGETED_DEVICE_FAMILY = "1,2";
			};
			name = Release;
		};
		85DB9C4628D7586E0025BF34 /* Debug */ = {
			isa = XCBuildConfiguration;
			baseConfigurationReference = 3259A5F8AD07BA9014D63CC2 /* Pods-iOSDemoTests.debug.xcconfig */;
			buildSettings = {
				BUNDLE_LOADER = "$(TEST_HOST)";
				CODE_SIGN_STYLE = Automatic;
				CURRENT_PROJECT_VERSION = 1;
				GENERATE_INFOPLIST_FILE = YES;
				IPHONEOS_DEPLOYMENT_TARGET = 15.5;
				MARKETING_VERSION = 1.0;
				PRODUCT_BUNDLE_IDENTIFIER = com.codepeasants.iOSDemoTests;
				PRODUCT_NAME = "$(TARGET_NAME)";
				SWIFT_EMIT_LOC_STRINGS = NO;
				TARGETED_DEVICE_FAMILY = "1,2";
				TEST_HOST = "$(BUILT_PRODUCTS_DIR)/iOSDemo.app/iOSDemo";
			};
			name = Debug;
		};
		85DB9C4728D7586E0025BF34 /* Release */ = {
			isa = XCBuildConfiguration;
			baseConfigurationReference = 57BC0AD3E5419B2EA1903381 /* Pods-iOSDemoTests.release.xcconfig */;
			buildSettings = {
				BUNDLE_LOADER = "$(TEST_HOST)";
				CODE_SIGN_STYLE = Automatic;
				CURRENT_PROJECT_VERSION = 1;
				GENERATE_INFOPLIST_FILE = YES;
				IPHONEOS_DEPLOYMENT_TARGET = 15.5;
				MARKETING_VERSION = 1.0;
				PRODUCT_BUNDLE_IDENTIFIER = com.codepeasants.iOSDemoTests;
				PRODUCT_NAME = "$(TARGET_NAME)";
				SWIFT_EMIT_LOC_STRINGS = NO;
				TARGETED_DEVICE_FAMILY = "1,2";
				TEST_HOST = "$(BUILT_PRODUCTS_DIR)/iOSDemo.app/iOSDemo";
			};
			name = Release;
		};
		85DB9C4928D7586E0025BF34 /* Debug */ = {
			isa = XCBuildConfiguration;
			baseConfigurationReference = C4D561FEB1CF1C359726DBAF /* Pods-iOSDemo-iOSDemoUITests.debug.xcconfig */;
			buildSettings = {
				CODE_SIGN_STYLE = Automatic;
				CURRENT_PROJECT_VERSION = 1;
				GENERATE_INFOPLIST_FILE = YES;
				MARKETING_VERSION = 1.0;
				PRODUCT_BUNDLE_IDENTIFIER = com.codepeasants.iOSDemoUITests;
				PRODUCT_NAME = "$(TARGET_NAME)";
				SWIFT_EMIT_LOC_STRINGS = NO;
				TARGETED_DEVICE_FAMILY = "1,2";
				TEST_TARGET_NAME = iOSDemo;
			};
			name = Debug;
		};
		85DB9C4A28D7586E0025BF34 /* Release */ = {
			isa = XCBuildConfiguration;
			baseConfigurationReference = FCB4C0618A00E8ADF74638CF /* Pods-iOSDemo-iOSDemoUITests.release.xcconfig */;
			buildSettings = {
				CODE_SIGN_STYLE = Automatic;
				CURRENT_PROJECT_VERSION = 1;
				GENERATE_INFOPLIST_FILE = YES;
				MARKETING_VERSION = 1.0;
				PRODUCT_BUNDLE_IDENTIFIER = com.codepeasants.iOSDemoUITests;
				PRODUCT_NAME = "$(TARGET_NAME)";
				SWIFT_EMIT_LOC_STRINGS = NO;
				TARGETED_DEVICE_FAMILY = "1,2";
				TEST_TARGET_NAME = iOSDemo;
			};
			name = Release;
		};
/* End XCBuildConfiguration section */

/* Begin XCConfigurationList section */
		85DB9C0E28D7586A0025BF34 /* Build configuration list for PBXProject "iOSDemo" */ = {
			isa = XCConfigurationList;
			buildConfigurations = (
				85DB9C4028D7586E0025BF34 /* Debug */,
				85DB9C4128D7586E0025BF34 /* Release */,
			);
			defaultConfigurationIsVisible = 0;
			defaultConfigurationName = Release;
		};
		85DB9C4228D7586E0025BF34 /* Build configuration list for PBXNativeTarget "iOSDemo" */ = {
			isa = XCConfigurationList;
			buildConfigurations = (
				85DB9C4328D7586E0025BF34 /* Debug */,
				85DB9C4428D7586E0025BF34 /* Release */,
			);
			defaultConfigurationIsVisible = 0;
			defaultConfigurationName = Release;
		};
		85DB9C4528D7586E0025BF34 /* Build configuration list for PBXNativeTarget "iOSDemoTests" */ = {
			isa = XCConfigurationList;
			buildConfigurations = (
				85DB9C4628D7586E0025BF34 /* Debug */,
				85DB9C4728D7586E0025BF34 /* Release */,
			);
			defaultConfigurationIsVisible = 0;
			defaultConfigurationName = Release;
		};
		85DB9C4828D7586E0025BF34 /* Build configuration list for PBXNativeTarget "iOSDemoUITests" */ = {
			isa = XCConfigurationList;
			buildConfigurations = (
				85DB9C4928D7586E0025BF34 /* Debug */,
				85DB9C4A28D7586E0025BF34 /* Release */,
			);
			defaultConfigurationIsVisible = 0;
			defaultConfigurationName = Release;
		};
/* End XCConfigurationList section */
	};
	rootObject = 85DB9C0B28D7586A0025BF34 /* Project object */;
}
